Microsoft Visual Studio Solution File, Format Version 11.00
# Visual Studio 2008

Project("{B9F823E2-4CC0-846F-9999-DC2C99AFAD2D}") = "GameJamFinal2017", "Assembly-CSharp.csproj", "{6FEABB56-9B70-6BE6-9628-78C0541E05F4}"
EndProject
Global
	GlobalSection(SolutionConfigurationPlatforms) = preSolution
		Debug|Any CPU = Debug|Any CPU
		Release|Any CPU = Release|Any CPU
	EndGlobalSection
	GlobalSection(ProjectConfigurationPlatforms) = postSolution
		{6FEABB56-9B70-6BE6-9628-78C0541E05F4}.Debug|Any CPU.ActiveCfg = Debug|Any CPU
		{6FEABB56-9B70-6BE6-9628-78C0541E05F4}.Debug|Any CPU.Build.0 = Debug|Any CPU
		{6FEABB56-9B70-6BE6-9628-78C0541E05F4}.Release|Any CPU.ActiveCfg = Release|Any CPU
		{6FEABB56-9B70-6BE6-9628-78C0541E05F4}.Release|Any CPU.Build.0 = Release|Any CPU
	EndGlobalSection
	GlobalSection(SolutionProperties) = preSolution
		HideSolutionNode = FALSE
	EndGlobalSection
	GlobalSection(MonoDevelopProperties) = preSolution
		StartupItem = Assembly-CSharp.csproj
	EndGlobalSection
EndGlobal
